
Microsoft Visual Studio Solution File, Format Version 12.00
# Visual Studio Version 16
VisualStudioVersion = 16.0.808.6
MinimumVisualStudioVersion = 10.0.40219.1
Project("{FAE04EC0-301F-11D3-BF4B-00C04F79EFBC}") = "CalcApp", "CalcApp\CalcApp.csproj", "{32F95820-6AAA-4E83-B6AF-6DA9E770F5FC}"
EndProject
Project("{E53339B2-1760-4266-BCC7-CA923CBCF16C}") = "docker-compose", "docker-compose.dcproj", "{64560AB3-9E11-4460-B795-3925B00F15D8}"
EndProject
Project("{2150E333-8FDC-42A3-9474-1A3956D46DE8}") = "Solution Items", "Solution Items", "{80975DFC-EA13-4706-9EF7-75F25E401CFC}"
	ProjectSection(SolutionItems) = preProject
		Dockerfile = Dockerfile
	EndProjectSection
EndProject
Global
	GlobalSection(SolutionConfigurationPlatforms) = preSolution
		Debug|Any CPU = Debug|Any CPU
		Release|Any CPU = Release|Any CPU
	EndGlobalSection
	GlobalSection(ProjectConfigurationPlatforms) = postSolution
		{32F95820-6AAA-4E83-B6AF-6DA9E770F5FC}.Debug|Any CPU.ActiveCfg = Debug|Any CPU
		{32F95820-6AAA-4E83-B6AF-6DA9E770F5FC}.Debug|Any CPU.Build.0 = Debug|Any CPU
		{32F95820-6AAA-4E83-B6AF-6DA9E770F5FC}.Release|Any CPU.ActiveCfg = Release|Any CPU
		{32F95820-6AAA-4E83-B6AF-6DA9E770F5FC}.Release|Any CPU.Build.0 = Release|Any CPU
		{64560AB3-9E11-4460-B795-3925B00F15D8}.Debug|Any CPU.ActiveCfg = Debug|Any CPU
		{64560AB3-9E11-4460-B795-3925B00F15D8}.Debug|Any CPU.Build.0 = Debug|Any CPU
		{64560AB3-9E11-4460-B795-3925B00F15D8}.Release|Any CPU.ActiveCfg = Release|Any CPU
		{64560AB3-9E11-4460-B795-3925B00F15D8}.Release|Any CPU.Build.0 = Release|Any CPU
	EndGlobalSection
	GlobalSection(SolutionProperties) = preSolution
		HideSolutionNode = FALSE
	EndGlobalSection
	GlobalSection(ExtensibilityGlobals) = postSolution
		SolutionGuid = {F13201B5-0127-4703-9C51-9E8FA272352A}
	EndGlobalSection
EndGlobal
